
Microsoft Visual Studio Solution File, Format Version 12.00
# Visual Studio Version 16
VisualStudioVersion = 16.0.30204.135
MinimumVisualStudioVersion = 10.0.40219.1
Project("{FAE04EC0-301F-11D3-BF4B-00C04F79EFBC}") = "ConsoleApp10", "ConsoleApp10\ConsoleApp10.csproj", "{86BF7BB1-883E-4D69-AB71-B21E13D4050B}"
EndProject
Global
	GlobalSection(SolutionConfigurationPlatforms) = preSolution
		Debug|Any CPU = Debug|Any CPU
		Release|Any CPU = Release|Any CPU
	EndGlobalSection
	GlobalSection(ProjectConfigurationPlatforms) = postSolution
		{86BF7BB1-883E-4D69-AB71-B21E13D4050B}.Debug|Any CPU.ActiveCfg = Debug|Any CPU
		{86BF7BB1-883E-4D69-AB71-B21E13D4050B}.Debug|Any CPU.Build.0 = Debug|Any CPU
		{86BF7BB1-883E-4D69-AB71-B21E13D4050B}.Release|Any CPU.ActiveCfg = Release|Any CPU
		{86BF7BB1-883E-4D69-AB71-B21E13D4050B}.Release|Any CPU.Build.0 = Release|Any CPU
	EndGlobalSection
	GlobalSection(SolutionProperties) = preSolution
		HideSolutionNode = FALSE
	EndGlobalSection
	GlobalSection(ExtensibilityGlobals) = postSolution
		SolutionGuid = {B30CC915-78FA-4CCC-9B65-D7D26BD1414F}
	EndGlobalSection
EndGlobal
